// !$*UTF8*$!
{
	archiveVersion = 1;
	classes = {
	};
	objectVersion = 46;
	objects = {

/* Begin PBXBuildFile section */
		91A48B541B3C34E700712CA2 /* main.m in Sources */ = {isa = PBXBuildFile; fileRef = 91A48B531B3C34E700712CA2 /* main.m */; };
		91A48B571B3C34E700712CA2 /* AppDelegate.m in Sources */ = {isa = PBXBuildFile; fileRef = 91A48B561B3C34E700712CA2 /* AppDelegate.m */; };
		91A48B5A1B3C34E700712CA2 /* ViewController.m in Sources */ = {isa = PBXBuildFile; fileRef = 91A48B591B3C34E700712CA2 /* ViewController.m */; };
		91A48B5D1B3C34E700712CA2 /* Main.storyboard in Resources */ = {isa = PBXBuildFile; fileRef = 91A48B5B1B3C34E700712CA2 /* Main.storyboard */; };
		91A48B5F1B3C34E700712CA2 /* Images.xcassets in Resources */ = {isa = PBXBuildFile; fileRef = 91A48B5E1B3C34E700712CA2 /* Images.xcassets */; };
		91A48B621B3C34E700712CA2 /* LaunchScreen.xib in Resources */ = {isa = PBXBuildFile; fileRef = 91A48B601B3C34E700712CA2 /* LaunchScreen.xib */; };
		91A48B6E1B3C34E800712CA2 /* RDNumberPickerTests.m in Sources */ = {isa = PBXBuildFile; fileRef = 91A48B6D1B3C34E700712CA2 /* RDNumberPickerTests.m */; };
/* End PBXBuildFile section */

/* Begin PBXContainerItemProxy section */
		91A48B681B3C34E700712CA2 /* PBXContainerItemProxy */ = {
			isa = PBXContainerItemProxy;
			containerPortal = 91A48B461B3C34E700712CA2 /* Project object */;
			proxyType = 1;
			remoteGlobalIDString = 91A48B4D1B3C34E700712CA2;
			remoteInfo = RDNumberPicker;
		};
/* End PBXContainerItemProxy section */

/* Begin PBXFileReference section */
		91A48B4E1B3C34E700712CA2 /* RDNumberPicker.app */ = {isa = PBXFileReference; explicitFileType = wrapper.application; includeInIndex = 0; path = RDNumberPicker.app; sourceTree = BUILT_PRODUCTS_DIR; };
		91A48B521B3C34E700712CA2 /* Info.plist */ = {isa = PBXFileReference; lastKnownFileType = text.plist.xml; path = Info.plist; sourceTree = "<group>"; };
		91A48B531B3C34E700712CA2 /* main.m */ = {isa = PBXFileReference; lastKnownFileType = sourcecode.c.objc; path = main.m; sourceTree = "<group>"; };
		91A48B551B3C34E700712CA2 /* AppDelegate.h */ = {isa = PBXFileReference; lastKnownFileType = sourcecode.c.h; path = AppDelegate.h; sourceTree = "<group>"; };
		91A48B561B3C34E700712CA2 /* AppDelegate.m */ = {isa = PBXFileReference; lastKnownFileType = sourcecode.c.objc; path = AppDelegate.m; sourceTree = "<group>"; };
		91A48B581B3C34E700712CA2 /* ViewController.h */ = {isa = PBXFileReference; lastKnownFileType = sourcecode.c.h; path = ViewController.h; sourceTree = "<group>"; };
		91A48B591B3C34E700712CA2 /* ViewController.m */ = {isa = PBXFileReference; lastKnownFileType = sourcecode.c.objc; path = ViewController.m; sourceTree = "<group>"; };
		91A48B5C1B3C34E700712CA2 /* Base */ = {isa = PBXFileReference; lastKnownFileType = file.storyboard; name = Base; path = Base.lproj/Main.storyboard; sourceTree = "<group>"; };
		91A48B5E1B3C34E700712CA2 /* Images.xcassets */ = {isa = PBXFileReference; lastKnownFileType = folder.assetcatalog; path = Images.xcassets; sourceTree = "<group>"; };
		91A48B611B3C34E700712CA2 /* Base */ = {isa = PBXFileReference; lastKnownFileType = file.xib; name = Base; path = Base.lproj/LaunchScreen.xib; sourceTree = "<group>"; };
		91A48B671B3C34E700712CA2 /* RDNumberPickerTests.xctest */ = {isa = PBXFileReference; explicitFileType = wrapper.cfbundle; includeInIndex = 0; path = RDNumberPickerTests.xctest; sourceTree = BUILT_PRODUCTS_DIR; };
		91A48B6C1B3C34E700712CA2 /* Info.plist */ = {isa = PBXFileReference; lastKnownFileType = text.plist.xml; path = Info.plist; sourceTree = "<group>"; };
		91A48B6D1B3C34E700712CA2 /* RDNumberPickerTests.m */ = {isa = PBXFileReference; lastKnownFileType = sourcecode.c.objc; path = RDNumberPickerTests.m; sourceTree = "<group>"; };
/* End PBXFileReference section */

/* Begin PBXFrameworksBuildPhase section */
		91A48B4B1B3C34E700712CA2 /* Frameworks */ = {
			isa = PBXFrameworksBuildPhase;
			buildActionMask = 2147483647;
			files = (
			);
			runOnlyForDeploymentPostprocessing = 0;
		};
		91A48B641B3C34E700712CA2 /* Frameworks */ = {
			isa = PBXFrameworksBuildPhase;
			buildActionMask = 2147483647;
			files = (
			);
			runOnlyForDeploymentPostprocessing = 0;
		};
/* End PBXFrameworksBuildPhase section */

/* Begin PBXGroup section */
		91A48B451B3C34E700712CA2 = {
			isa = PBXGroup;
			children = (
				91A48B501B3C34E700712CA2 /* RDNumberPicker */,
				91A48B6A1B3C34E700712CA2 /* RDNumberPickerTests */,
				91A48B4F1B3C34E700712CA2 /* Products */,
			);
			sourceTree = "<group>";
		};
		91A48B4F1B3C34E700712CA2 /* Products */ = {
			isa = PBXGroup;
			children = (
				91A48B4E1B3C34E700712CA2 /* RDNumberPicker.app */,
				91A48B671B3C34E700712CA2 /* RDNumberPickerTests.xctest */,
			);
			name = Products;
			sourceTree = "<group>";
		};
		91A48B501B3C34E700712CA2 /* RDNumberPicker */ = {
			isa = PBXGroup;
			children = (
				91A48B551B3C34E700712CA2 /* AppDelegate.h */,
				91A48B561B3C34E700712CA2 /* AppDelegate.m */,
				91A48B581B3C34E700712CA2 /* ViewController.h */,
				91A48B591B3C34E700712CA2 /* ViewController.m */,
				91A48B5B1B3C34E700712CA2 /* Main.storyboard */,
				91A48B5E1B3C34E700712CA2 /* Images.xcassets */,
				91A48B601B3C34E700712CA2 /* LaunchScreen.xib */,
				91A48B511B3C34E700712CA2 /* Supporting Files */,
			);
			path = RDNumberPicker;
			sourceTree = "<group>";
		};
		91A48B511B3C34E700712CA2 /* Supporting Files */ = {
			isa = PBXGroup;
			children = (
				91A48B521B3C34E700712CA2 /* Info.plist */,
				91A48B531B3C34E700712CA2 /* main.m */,
			);
			name = "Supporting Files";
			sourceTree = "<group>";
		};
		91A48B6A1B3C34E700712CA2 /* RDNumberPickerTests */ = {
			isa = PBXGroup;
			children = (
				91A48B6D1B3C34E700712CA2 /* RDNumberPickerTests.m */,
				91A48B6B1B3C34E700712CA2 /* Supporting Files */,
			);
			path = RDNumberPickerTests;
			sourceTree = "<group>";
		};
		91A48B6B1B3C34E700712CA2 /* Supporting Files */ = {
			isa = PBXGroup;
			children = (
				91A48B6C1B3C34E700712CA2 /* Info.plist */,
			);
			name = "Supporting Files";
			sourceTree = "<group>";
		};
/* End PBXGroup section */

/* Begin PBXNativeTarget section */
		91A48B4D1B3C34E700712CA2 /* RDNumberPicker */ = {
			isa = PBXNativeTarget;
			buildConfigurationList = 91A48B711B3C34E800712CA2 /* Build configuration list for PBXNativeTarget "RDNumberPicker" */;
			buildPhases = (
				91A48B4A1B3C34E700712CA2 /* Sources */,
				91A48B4B1B3C34E700712CA2 /* Frameworks */,
				91A48B4C1B3C34E700712CA2 /* Resources */,
			);
			buildRules = (
			);
			dependencies = (
			);
			name = RDNumberPicker;
			productName = RDNumberPicker;
			productReference = 91A48B4E1B3C34E700712CA2 /* RDNumberPicker.app */;
			productType = "com.apple.product-type.application";
		};
		91A48B661B3C34E700712CA2 /* RDNumberPickerTests */ = {
			isa = PBXNativeTarget;
			buildConfigurationList = 91A48B741B3C34E800712CA2 /* Build configuration list for PBXNativeTarget "RDNumberPickerTests" */;
			buildPhases = (
				91A48B631B3C34E700712CA2 /* Sources */,
				91A48B641B3C34E700712CA2 /* Frameworks */,
				91A48B651B3C34E700712CA2 /* Resources */,
			);
			buildRules = (
			);
			dependencies = (
				91A48B691B3C34E700712CA2 /* PBXTargetDependency */,
			);
			name = RDNumberPickerTests;
			productName = RDNumberPickerTests;
			productReference = 91A48B671B3C34E700712CA2 /* RDNumberPickerTests.xctest */;
			productType = "com.apple.product-type.bundle.unit-test";
		};
/* End PBXNativeTarget section */

/* Begin PBXProject section */
		91A48B461B3C34E700712CA2 /* Project object */ = {
			isa = PBXProject;
			attributes = {
				LastUpgradeCheck = 0630;
				ORGANIZATIONNAME = BoldRocket;
				TargetAttributes = {
					91A48B4D1B3C34E700712CA2 = {
						CreatedOnToolsVersion = 6.3.1;
					};
					91A48B661B3C34E700712CA2 = {
						CreatedOnToolsVersion = 6.3.1;
						TestTargetID = 91A48B4D1B3C34E700712CA2;
					};
				};
			};
			buildConfigurationList = 91A48B491B3C34E700712CA2 /* Build configuration list for PBXProject "RDNumberPicker" */;
			compatibilityVersion = "Xcode 3.2";
			developmentRegion = English;
			hasScannedForEncodings = 0;
			knownRegions = (
				en,
				Base,
			);
			mainGroup = 91A48B451B3C34E700712CA2;
			productRefGroup = 91A48B4F1B3C34E700712CA2 /* Products */;
			projectDirPath = "";
			projectRoot = "";
			targets = (
				91A48B4D1B3C34E700712CA2 /* RDNumberPicker */,
				91A48B661B3C34E700712CA2 /* RDNumberPickerTests */,
			);
		};
/* End PBXProject section */

/* Begin PBXResourcesBuildPhase section */
		91A48B4C1B3C34E700712CA2 /* Resources */ = {
			isa = PBXResourcesBuildPhase;
			buildActionMask = 2147483647;
			files = (
				91A48B5D1B3C34E700712CA2 /* Main.storyboard in Resources */,
				91A48B621B3C34E700712CA2 /* LaunchScreen.xib in Resources */,
				91A48B5F1B3C34E700712CA2 /* Images.xcassets in Resources */,
			);
			runOnlyForDeploymentPostprocessing = 0;
		};
		91A48B651B3C34E700712CA2 /* Resources */ = {
			isa = PBXResourcesBuildPhase;
			buildActionMask = 2147483647;
			files = (
			);
			runOnlyForDeploymentPostprocessing = 0;
		};
/* End PBXResourcesBuildPhase section */

/* Begin PBXSourcesBuildPhase section */
		91A48B4A1B3C34E700712CA2 /* Sources */ = {
			isa = PBXSourcesBuildPhase;
			buildActionMask = 2147483647;
			files = (
				91A48B5A1B3C34E700712CA2 /* ViewController.m in Sources */,
				91A48B571B3C34E700712CA2 /* AppDelegate.m in Sources */,
				91A48B541B3C34E700712CA2 /* main.m in Sources */,
			);
			runOnlyForDeploymentPostprocessing = 0;
		};
		91A48B631B3C34E700712CA2 /* Sources */ = {
			isa = PBXSourcesBuildPhase;
			buildActionMask = 2147483647;
			files = (
				91A48B6E1B3C34E800712CA2 /* RDNumberPickerTests.m in Sources */,
			);
			runOnlyForDeploymentPostprocessing = 0;
		};
/* End PBXSourcesBuildPhase section */

/* Begin PBXTargetDependency section */
		91A48B691B3C34E700712CA2 /* PBXTargetDependency */ = {
			isa = PBXTargetDependency;
			target = 91A48B4D1B3C34E700712CA2 /* RDNumberPicker */;
			targetProxy = 91A48B681B3C34E700712CA2 /* PBXContainerItemProxy */;
		};
/* End PBXTargetDependency section */

/* Begin PBXVariantGroup section */
		91A48B5B1B3C34E700712CA2 /* Main.storyboard */ = {
			isa = PBXVariantGroup;
			children = (
				91A48B5C1B3C34E700712CA2 /* Base */,
			);
			name = Main.storyboard;
			sourceTree = "<group>";
		};
		91A48B601B3C34E700712CA2 /* LaunchScreen.xib */ = {
			isa = PBXVariantGroup;
			children = (
				91A48B611B3C34E700712CA2 /* Base */,
			);
			name = LaunchScreen.xib;
			sourceTree = "<group>";
		};
/* End PBXVariantGroup section */

/* Begin XCBuildConfiguration section */
		91A48B6F1B3C34E800712CA2 /* Debug */ = {
			isa = XCBuildConfiguration;
			buildSettings = {
				ALWAYS_SEARCH_USER_PATHS = NO;
				CLANG_CXX_LANGUAGE_STANDARD = "gnu++0x";
				CLANG_CXX_LIBRARY = "libc++";
				CLANG_ENABLE_MODULES = YES;
				CLANG_ENABLE_OBJC_ARC = YES;
				CLANG_WARN_BOOL_CONVERSION = YES;
				CLANG_WARN_CONSTANT_CONVERSION = YES;
				CLANG_WARN_DIRECT_OBJC_ISA_USAGE = YES_ERROR;
				CLANG_WARN_EMPTY_BODY = YES;
				CLANG_WARN_ENUM_CONVERSION = YES;
				CLANG_WARN_INT_CONVERSION = YES;
				CLANG_WARN_OBJC_ROOT_CLASS = YES_ERROR;
				CLANG_WARN_UNREACHABLE_CODE = YES;
				CLANG_WARN__DUPLICATE_METHOD_MATCH = YES;
				"CODE_SIGN_IDENTITY[sdk=iphoneos*]" = "iPhone Developer";
				COPY_PHASE_STRIP = NO;
				DEBUG_INFORMATION_FORMAT = "dwarf-with-dsym";
				ENABLE_STRICT_OBJC_MSGSEND = YES;
				GCC_C_LANGUAGE_STANDARD = gnu99;
				GCC_DYNAMIC_NO_PIC = NO;
				GCC_NO_COMMON_BLOCKS = YES;
				GCC_OPTIMIZATION_LEVEL = 0;
				GCC_PREPROCESSOR_DEFINITIONS = (
					"DEBUG=1",
					"$(inherited)",
				);
				GCC_SYMBOLS_PRIVATE_EXTERN = NO;
				GCC_WARN_64_TO_32_BIT_CONVERSION = YES;
				GCC_WARN_ABOUT_RETURN_TYPE = YES_ERROR;
				GCC_WARN_UNDECLARED_SELECTOR = YES;
				GCC_WARN_UNINITIALIZED_AUTOS = YES_AGGRESSIVE;
				GCC_WARN_UNUSED_FUNCTION = YES;
				GCC_WARN_UNUSED_VARIABLE = YES;
				IPHONEOS_DEPLOYMENT_TARGET = 8.3;
				MTL_ENABLE_DEBUG_INFO = YES;
				ONLY_ACTIVE_ARCH = YES;
				SDKROOT = iphoneos;
				TARGETED_DEVICE_FAMILY = 2;
			};
			name = Debug;
		};
		91A48B701B3C34E800712CA2 /* Release */ = {
			isa = XCBuildConfiguration;
			buildSettings = {
				ALWAYS_SEARCH_USER_PATHS = NO;
				CLANG_CXX_LANGUAGE_STANDARD = "gnu++0x";
				CLANG_CXX_LIBRARY = "libc++";
				CLANG_ENABLE_MODULES = YES;
				CLANG_ENABLE_OBJC_ARC = YES;
				CLANG_WARN_BOOL_CONVERSION = YES;
				CLANG_WARN_CONSTANT_CONVERSION = YES;
				CLANG_WARN_DIRECT_OBJC_ISA_USAGE = YES_ERROR;
				CLANG_WARN_EMPTY_BODY = YES;
				CLANG_WARN_ENUM_CONVERSION = YES;
				CLANG_WARN_INT_CONVERSION = YES;
				CLANG_WARN_OBJC_ROOT_CLASS = YES_ERROR;
				CLANG_WARN_UNREACHABLE_CODE = YES;
				CLANG_WARN__DUPLICATE_METHOD_MATCH = YES;
				"CODE_SIGN_IDENTITY[sdk=iphoneos*]" = "iPhone Developer";
				COPY_PHASE_STRIP = NO;
				DEBUG_INFORMATION_FORMAT = "dwarf-with-dsym";
				ENABLE_NS_ASSERTIONS = NO;
				ENABLE_STRICT_OBJC_MSGSEND = YES;
				GCC_C_LANGUAGE_STANDARD = gnu99;
				GCC_NO_COMMON_BLOCKS = YES;
				GCC_WARN_64_TO_32_BIT_CONVERSION = YES;
				GCC_WARN_ABOUT_RETURN_TYPE = YES_ERROR;
				GCC_WARN_UNDECLARED_SELECTOR = YES;
				GCC_WARN_UNINITIALIZED_AUTOS = YES_AGGRESSIVE;
				GCC_WARN_UNUSED_FUNCTION = YES;
				GCC_WARN_UNUSED_VARIABLE = YES;
				IPHONEOS_DEPLOYMENT_TARGET = 8.3;
				MTL_ENABLE_DEBUG_INFO = NO;
				SDKROOT = iphoneos;
				TARGETED_DEVICE_FAMILY = 2;
				VALIDATE_PRODUCT = YES;
			};
			name = Release;
		};
		91A48B721B3C34E800712CA2 /* Debug */ = {
			isa = XCBuildConfiguration;
			buildSettings = {
				ASSETCATALOG_COMPILER_APPICON_NAME = AppIcon;
				INFOPLIST_FILE = RDNumberPicker/Info.plist;
				LD_RUNPATH_SEARCH_PATHS = "$(inherited) @executable_path/Frameworks";
				PRODUCT_NAME = "$(TARGET_NAME)";
			};
			name = Debug;
		};
		91A48B731B3C34E800712CA2 /* Release */ = {
			isa = XCBuildConfiguration;
			buildSettings = {
				ASSETCATALOG_COMPILER_APPICON_NAME = AppIcon;
				INFOPLIST_FILE = RDNumberPicker/Info.plist;
				LD_RUNPATH_SEARCH_PATHS = "$(inherited) @executable_path/Frameworks";
				PRODUCT_NAME = "$(TARGET_NAME)";
			};
			name = Release;
		};
		91A48B751B3C34E800712CA2 /* Debug */ = {
			isa = XCBuildConfiguration;
			buildSettings = {
				BUNDLE_LOADER = "$(TEST_HOST)";
				FRAMEWORK_SEARCH_PATHS = (
					"$(SDKROOT)/Developer/Library/Frameworks",
					"$(inherited)",
				);
				GCC_PREPROCESSOR_DEFINITIONS = (
					"DEBUG=1",
					"$(inherited)",
				);
				INFOPLIST_FILE = RDNumberPickerTests/Info.plist;
				LD_RUNPATH_SEARCH_PATHS = "$(inherited) @executable_path/Frameworks @loader_path/Frameworks";
				PRODUCT_NAME = "$(TARGET_NAME)";
				TEST_HOST = "$(BUILT_PRODUCTS_DIR)/RDNumberPicker.app/RDNumberPicker";
			};
			name = Debug;
		};
		91A48B761B3C34E800712CA2 /* Release */ = {
			isa = XCBuildConfiguration;
			buildSettings = {
				BUNDLE_LOADER = "$(TEST_HOST)";
				FRAMEWORK_SEARCH_PATHS = (
					"$(SDKROOT)/Developer/Library/Frameworks",
					"$(inherited)",
				);
				INFOPLIST_FILE = RDNumberPickerTests/Info.plist;
				LD_RUNPATH_SEARCH_PATHS = "$(inherited) @executable_path/Frameworks @loader_path/Frameworks";
				PRODUCT_NAME = "$(TARGET_NAME)";
				TEST_HOST = "$(BUILT_PRODUCTS_DIR)/RDNumberPicker.app/RDNumberPicker";
			};
			name = Release;
		};
/* End XCBuildConfiguration section */

/* Begin XCConfigurationList section */
		91A48B491B3C34E700712CA2 /* Build configuration list for PBXProject "RDNumberPicker" */ = {
			isa = XCConfigurationList;
			buildConfigurations = (
				91A48B6F1B3C34E800712CA2 /* Debug */,
				91A48B701B3C34E800712CA2 /* Release */,
			);
			defaultConfigurationIsVisible = 0;
			defaultConfigurationName = Release;
		};
		91A48B711B3C34E800712CA2 /* Build configuration list for PBXNativeTarget "RDNumberPicker" */ = {
			isa = XCConfigurationList;
			buildConfigurations = (
				91A48B721B3C34E800712CA2 /* Debug */,
				91A48B731B3C34E800712CA2 /* Release */,
			);
			defaultConfigurationIsVisible = 0;
		};
		91A48B741B3C34E800712CA2 /* Build configuration list for PBXNativeTarget "RDNumberPickerTests" */ = {
			isa = XCConfigurationList;
			buildConfigurations = (
				91A48B751B3C34E800712CA2 /* Debug */,
				91A48B761B3C34E800712CA2 /* Release */,
			);
			defaultConfigurationIsVisible = 0;
		};
/* End XCConfigurationList section */
	};
	rootObject = 91A48B461B3C34E700712CA2 /* Project object */;
}
